{
  "name": "maps-project",
  "lockfileVersion": 2,
  "requires": true,
  "packages": {
    "": {
      "dependencies": {
        "@googlemaps/js-api-loader": "^1.14.3",
        "@types/faker": "^6.6.9",
        "@types/google-maps": "^3.2.3",
        "@types/google-maps-web": "^3.43.4",
        "@types/google.maps": "^3.50.4",
        "faker": "^6.6.6"
      },
      "devDependencies": {
        "@faker-js/faker": "^7.6.0",
        "@types/googlemaps": "^3.43.3",
        "typescript": "^4.8.4"
      }
    },
    "node_modules/@faker-js/faker": {
      "version": "7.6.0",
      "resolved": "https://registry.npmjs.org/@faker-js/faker/-/faker-7.6.0.tgz",
      "integrity": "sha512-XK6BTq1NDMo9Xqw/YkYyGjSsg44fbNwYRx7QK2CuoQgyy+f1rrTDHoExVM5PsyXCtfl2vs2vVJ0MN0yN6LppRw==",
      "dev": true,
      "engines": {
        "node": ">=14.0.0",
        "npm": ">=6.0.0"
      }
    },
    "node_modules/@googlemaps/js-api-loader": {
      "version": "1.14.3",
      "resolved": "https://registry.npmjs.org/@googlemaps/js-api-loader/-/js-api-loader-1.14.3.tgz",
      "integrity": "sha512-6iIb+qpGgQpgIHmIFO44WhE1rDUxPVHuezNFL30wRJnkvhwFm94tD291UvNg9L05hLDSoL16jd0lbqqmdy4C5g==",
      "dependencies": {
        "fast-deep-equal": "^3.1.3"
      }
    },
    "node_modules/@types/faker": {
      "version": "6.6.9",
      "resolved": "https://registry.npmjs.org/@types/faker/-/faker-6.6.9.tgz",
      "integrity": "sha512-Y9YYm5L//8ooiiknO++4Gr539zzdI0j3aXnOBjo1Vk+kTvffY10GuE2wn78AFPECwZ5MYGTjiDVw1naLLdDimw==",
      "deprecated": "This is a stub types definition. faker provides its own type definitions, so you do not need this installed.",
      "dependencies": {
        "faker": "*"
      }
    },
    "node_modules/@types/google-maps": {
      "version": "3.2.3",
      "resolved": "https://registry.npmjs.org/@types/google-maps/-/google-maps-3.2.3.tgz",
      "integrity": "sha512-+GR/7sMvo2bENS26H4t2QqoCqE4FE5qhsG8aaDM9mJAlsorkLyaFdTQra8VkmS1RNE09fx9c1kac+GKG0RtA2A==",
      "dependencies": {
        "@types/google.maps": "*"
      }
    },
    "node_modules/@types/google-maps-web": {
      "version": "3.43.4",
      "resolved": "https://registry.npmjs.org/@types/google-maps-web/-/google-maps-web-3.43.4.tgz",
      "integrity": "sha512-6G1z5g5k6OAUrMKJDEdhC2Nqma53T7zn9hv0oN9EObn4fa7gvPVwp0dIQygDUaysvuf4FdR6f6+8vfvQdhYNBg=="
    },
    "node_modules/@types/google.maps": {
      "version": "3.50.4",
      "resolved": "https://registry.npmjs.org/@types/google.maps/-/google.maps-3.50.4.tgz",
      "integrity": "sha512-edePfF9fo29bFdzcNIAS6rM4KnONY5WiZZaTKASfMLQxjdEysJp+RRkzBc71OIjFXd3bWAjriOL/ek1RloJRng=="
    },
    "node_modules/@types/googlemaps": {
      "version": "3.43.3",
      "resolved": "https://registry.npmjs.org/@types/googlemaps/-/googlemaps-3.43.3.tgz",
      "integrity": "sha512-ZWNoz/O8MPEpiajvj7QiqCY8tTLFNqNZ/a+s+zTV58wFVNAvvqV4bdGfnsjTb5Cs4V6wEsLrX8XRhmnyYJ2Tdg==",
      "deprecated": "Types for the Google Maps browser API have moved to @types/google.maps. Note: these types are not for the googlemaps npm package, which is a Node API.",
      "dev": true
    },
    "node_modules/faker": {
      "version": "6.6.6",
      "resolved": "https://registry.npmjs.org/faker/-/faker-6.6.6.tgz",
      "integrity": "sha512-9tCqYEDHI5RYFQigXFwF1hnCwcWCOJl/hmll0lr5D2Ljjb0o4wphb69wikeJDz5qCEzXCoPvG6ss5SDP6IfOdg=="
    },
    "node_modules/fast-deep-equal": {
      "version": "3.1.3",
      "resolved": "https://registry.npmjs.org/fast-deep-equal/-/fast-deep-equal-3.1.3.tgz",
      "integrity": "sha512-f3qQ9oQy9j2AhBe/H9VC91wLmKBCCU/gDOnKNAYG5hswO7BLKj09Hc5HYNz9cGI++xlpDCIgDaitVs03ATR84Q=="
    },
    "node_modules/typescript": {
      "version": "4.8.4",
      "resolved": "https://registry.npmjs.org/typescript/-/typescript-4.8.4.tgz",
      "integrity": "sha512-QCh+85mCy+h0IGff8r5XWzOVSbBO+KfeYrMQh7NJ58QujwcE22u+NUSmUxqF+un70P9GXKxa2HCNiTTMJknyjQ==",
      "dev": true,
      "bin": {
        "tsc": "bin/tsc",
        "tsserver": "bin/tsserver"
      },
      "engines": {
        "node": ">=4.2.0"
      }
    }
  },
  "dependencies": {
    "@faker-js/faker": {
      "version": "7.6.0",
      "resolved": "https://registry.npmjs.org/@faker-js/faker/-/faker-7.6.0.tgz",
      "integrity": "sha512-XK6BTq1NDMo9Xqw/YkYyGjSsg44fbNwYRx7QK2CuoQgyy+f1rrTDHoExVM5PsyXCtfl2vs2vVJ0MN0yN6LppRw==",
      "dev": true
    },
    "@googlemaps/js-api-loader": {
      "version": "1.14.3",
      "resolved": "https://registry.npmjs.org/@googlemaps/js-api-loader/-/js-api-loader-1.14.3.tgz",
      "integrity": "sha512-6iIb+qpGgQpgIHmIFO44WhE1rDUxPVHuezNFL30wRJnkvhwFm94tD291UvNg9L05hLDSoL16jd0lbqqmdy4C5g==",
      "requires": {
        "fast-deep-equal": "^3.1.3"
      }
    },
    "@types/faker": {
      "version": "6.6.9",
      "resolved": "https://registry.npmjs.org/@types/faker/-/faker-6.6.9.tgz",
      "integrity": "sha512-Y9YYm5L//8ooiiknO++4Gr539zzdI0j3aXnOBjo1Vk+kTvffY10GuE2wn78AFPECwZ5MYGTjiDVw1naLLdDimw==",
      "requires": {
        "faker": "*"
      }
    },
    "@types/google-maps": {
      "version": "3.2.3",
      "resolved": "https://registry.npmjs.org/@types/google-maps/-/google-maps-3.2.3.tgz",
      "integrity": "sha512-+GR/7sMvo2bENS26H4t2QqoCqE4FE5qhsG8aaDM9mJAlsorkLyaFdTQra8VkmS1RNE09fx9c1kac+GKG0RtA2A==",
      "requires": {
        "@types/google.maps": "*"
      }
    },
    "@types/google-maps-web": {
      "version": "3.43.4",
      "resolved": "https://registry.npmjs.org/@types/google-maps-web/-/google-maps-web-3.43.4.tgz",
      "integrity": "sha512-6G1z5g5k6OAUrMKJDEdhC2Nqma53T7zn9hv0oN9EObn4fa7gvPVwp0dIQygDUaysvuf4FdR6f6+8vfvQdhYNBg=="
    },
    "@types/google.maps": {
      "version": "3.50.4",
      "resolved": "https://registry.npmjs.org/@types/google.maps/-/google.maps-3.50.4.tgz",
      "integrity": "sha512-edePfF9fo29bFdzcNIAS6rM4KnONY5WiZZaTKASfMLQxjdEysJp+RRkzBc71OIjFXd3bWAjriOL/ek1RloJRng=="
    },
    "@types/googlemaps": {
      "version": "3.43.3",
      "resolved": "https://registry.npmjs.org/@types/googlemaps/-/googlemaps-3.43.3.tgz",
      "integrity": "sha512-ZWNoz/O8MPEpiajvj7QiqCY8tTLFNqNZ/a+s+zTV58wFVNAvvqV4bdGfnsjTb5Cs4V6wEsLrX8XRhmnyYJ2Tdg==",
      "dev": true
    },
    "faker": {
      "version": "6.6.6",
      "resolved": "https://registry.npmjs.org/faker/-/faker-6.6.6.tgz",
      "integrity": "sha512-9tCqYEDHI5RYFQigXFwF1hnCwcWCOJl/hmll0lr5D2Ljjb0o4wphb69wikeJDz5qCEzXCoPvG6ss5SDP6IfOdg=="
    },
    "fast-deep-equal": {
      "version": "3.1.3",
      "resolved": "https://registry.npmjs.org/fast-deep-equal/-/fast-deep-equal-3.1.3.tgz",
      "integrity": "sha512-f3qQ9oQy9j2AhBe/H9VC91wLmKBCCU/gDOnKNAYG5hswO7BLKj09Hc5HYNz9cGI++xlpDCIgDaitVs03ATR84Q=="
    },
    "typescript": {
      "version": "4.8.4",
      "resolved": "https://registry.npmjs.org/typescript/-/typescript-4.8.4.tgz",
      "integrity": "sha512-QCh+85mCy+h0IGff8r5XWzOVSbBO+KfeYrMQh7NJ58QujwcE22u+NUSmUxqF+un70P9GXKxa2HCNiTTMJknyjQ==",
      "dev": true
    }
  }
}
